
Microsoft Visual Studio Solution File, Format Version 12.00
# Visual Studio Version 17
VisualStudioVersion = 17.14.36202.13
MinimumVisualStudioVersion = 10.0.40219.1
Project("{FAE04EC0-301F-11D3-BF4B-00C04F79EFBC}") = "Northwind.Entities", "Northwind.Entities\Northwind.Entities.csproj", "{B5B8F5D0-E69D-4526-AD56-5BC0E2A2650F}"
EndProject
Project("{FAE04EC0-301F-11D3-BF4B-00C04F79EFBC}") = "Northwind.Business", "Northwind.Business\Northwind.Business.csproj", "{22B4DA2F-F5B2-45A1-BB94-113017D24FF2}"
EndProject
Project("{FAE04EC0-301F-11D3-BF4B-00C04F79EFBC}") = "Northwind.WebFormsUI", "Northwind.WebFormsUI\Northwind.WebFormsUI.csproj", "{ADCEF029-2792-405A-819A-37DACA64C81C}"
EndProject
Project("{FAE04EC0-301F-11D3-BF4B-00C04F79EFBC}") = "Northwind.DataAccess", "Northwind.DataAccess\Northwind.DataAccess.csproj", "{988AF971-BF9B-418D-87B1-903E763963AE}"
EndProject
Global
	GlobalSection(SolutionConfigurationPlatforms) = preSolution
		Debug|Any CPU = Debug|Any CPU
		Release|Any CPU = Release|Any CPU
	EndGlobalSection
	GlobalSection(ProjectConfigurationPlatforms) = postSolution
		{B5B8F5D0-E69D-4526-AD56-5BC0E2A2650F}.Debug|Any CPU.ActiveCfg = Debug|Any CPU
		{B5B8F5D0-E69D-4526-AD56-5BC0E2A2650F}.Debug|Any CPU.Build.0 = Debug|Any CPU
		{B5B8F5D0-E69D-4526-AD56-5BC0E2A2650F}.Release|Any CPU.ActiveCfg = Release|Any CPU
		{B5B8F5D0-E69D-4526-AD56-5BC0E2A2650F}.Release|Any CPU.Build.0 = Release|Any CPU
		{22B4DA2F-F5B2-45A1-BB94-113017D24FF2}.Debug|Any CPU.ActiveCfg = Debug|Any CPU
		{22B4DA2F-F5B2-45A1-BB94-113017D24FF2}.Debug|Any CPU.Build.0 = Debug|Any CPU
		{22B4DA2F-F5B2-45A1-BB94-113017D24FF2}.Release|Any CPU.ActiveCfg = Release|Any CPU
		{22B4DA2F-F5B2-45A1-BB94-113017D24FF2}.Release|Any CPU.Build.0 = Release|Any CPU
		{ADCEF029-2792-405A-819A-37DACA64C81C}.Debug|Any CPU.ActiveCfg = Debug|Any CPU
		{ADCEF029-2792-405A-819A-37DACA64C81C}.Debug|Any CPU.Build.0 = Debug|Any CPU
		{ADCEF029-2792-405A-819A-37DACA64C81C}.Release|Any CPU.ActiveCfg = Release|Any CPU
		{ADCEF029-2792-405A-819A-37DACA64C81C}.Release|Any CPU.Build.0 = Release|Any CPU
		{988AF971-BF9B-418D-87B1-903E763963AE}.Debug|Any CPU.ActiveCfg = Debug|Any CPU
		{988AF971-BF9B-418D-87B1-903E763963AE}.Debug|Any CPU.Build.0 = Debug|Any CPU
		{988AF971-BF9B-418D-87B1-903E763963AE}.Release|Any CPU.ActiveCfg = Release|Any CPU
		{988AF971-BF9B-418D-87B1-903E763963AE}.Release|Any CPU.Build.0 = Release|Any CPU
	EndGlobalSection
	GlobalSection(SolutionProperties) = preSolution
		HideSolutionNode = FALSE
	EndGlobalSection
	GlobalSection(ExtensibilityGlobals) = postSolution
		SolutionGuid = {8B41AA41-28E0-4262-9F88-12DA4E41ACBD}
	EndGlobalSection
EndGlobal
